PODS:
  - SendBirdSDK (3.1.9)
  - Stipop (0.3.1)

DEPENDENCIES:
  - SendBirdSDK (~> 3.1.1)
  - Stipop

SPEC REPOS:
  trunk:
    - SendBirdSDK
    - Stipop

SPEC CHECKSUMS:
  SendBirdSDK: ef0a5443cae78782ba4c6656f5a5c288e3fc3155
  Stipop: 8a03ecd47930c22cb82366d84b9c9146756e26c9

PODFILE CHECKSUM: 0c92f097d89dfb2d46d5a6510dcdcb6bc7ff7b75

COCOAPODS: 1.11.2
